
Microsoft Visual Studio Solution File, Format Version 12.00
# Visual Studio Version 17
VisualStudioVersion = 17.5.33516.290
MinimumVisualStudioVersion = 10.0.40219.1
Project("{9A19103F-16F7-4668-BE54-9A1E7A4F7556}") = "quest_web", "quest_web.csproj", "{7BEE86C9-30A3-43A1-9B93-D486C5C8F610}"
EndProject
Project("{FAE04EC0-301F-11D3-BF4B-00C04F79EFBC}") = "Test", "..\Test\Test.csproj", "{BC41AC02-C816-487B-A865-CFC09FB54899}"
EndProject
Global
	GlobalSection(SolutionConfigurationPlatforms) = preSolution
		Debug|Any CPU = Debug|Any CPU
		Release|Any CPU = Release|Any CPU
	EndGlobalSection
	GlobalSection(ProjectConfigurationPlatforms) = postSolution
		{7BEE86C9-30A3-43A1-9B93-D486C5C8F610}.Debug|Any CPU.ActiveCfg = Debug|Any CPU
		{7BEE86C9-30A3-43A1-9B93-D486C5C8F610}.Debug|Any CPU.Build.0 = Debug|Any CPU
		{7BEE86C9-30A3-43A1-9B93-D486C5C8F610}.Release|Any CPU.ActiveCfg = Release|Any CPU
		{7BEE86C9-30A3-43A1-9B93-D486C5C8F610}.Release|Any CPU.Build.0 = Release|Any CPU
		{BC41AC02-C816-487B-A865-CFC09FB54899}.Debug|Any CPU.ActiveCfg = Debug|Any CPU
		{BC41AC02-C816-487B-A865-CFC09FB54899}.Debug|Any CPU.Build.0 = Debug|Any CPU
		{BC41AC02-C816-487B-A865-CFC09FB54899}.Release|Any CPU.ActiveCfg = Release|Any CPU
		{BC41AC02-C816-487B-A865-CFC09FB54899}.Release|Any CPU.Build.0 = Release|Any CPU
	EndGlobalSection
	GlobalSection(SolutionProperties) = preSolution
		HideSolutionNode = FALSE
	EndGlobalSection
	GlobalSection(ExtensibilityGlobals) = postSolution
		SolutionGuid = {49CA0DC3-D93D-40E1-B6AD-4D866B1187C6}
	EndGlobalSection
EndGlobal
